
Microsoft Visual Studio Solution File, Format Version 12.00
# Visual Studio 14
VisualStudioVersion = 14.0.25420.1
MinimumVisualStudioVersion = 10.0.40219.1
Project("{FAE04EC0-301F-11D3-BF4B-00C04F79EFBC}") = "CRUDSIMPLES", "CRUDSIMPLES\CRUDSIMPLES.csproj", "{7BC1A9BC-1053-418E-A24A-9D388B384E4B}"
EndProject
Global
	GlobalSection(SolutionConfigurationPlatforms) = preSolution
		Debug|Any CPU = Debug|Any CPU
		Release|Any CPU = Release|Any CPU
	EndGlobalSection
	GlobalSection(ProjectConfigurationPlatforms) = postSolution
		{7BC1A9BC-1053-418E-A24A-9D388B384E4B}.Debug|Any CPU.ActiveCfg = Debug|Any CPU
		{7BC1A9BC-1053-418E-A24A-9D388B384E4B}.Debug|Any CPU.Build.0 = Debug|Any CPU
		{7BC1A9BC-1053-418E-A24A-9D388B384E4B}.Release|Any CPU.ActiveCfg = Release|Any CPU
		{7BC1A9BC-1053-418E-A24A-9D388B384E4B}.Release|Any CPU.Build.0 = Release|Any CPU
	EndGlobalSection
	GlobalSection(SolutionProperties) = preSolution
		HideSolutionNode = FALSE
	EndGlobalSection
EndGlobal
